# THIS IS AN AUTOGENERATED FILE. DO NOT EDIT THIS FILE DIRECTLY.
# yarn lockfile v1


"@esbuild/aix-ppc64@0.23.1":
  version "0.23.1"
  resolved "https://registry.yarnpkg.com/@esbuild/aix-ppc64/-/aix-ppc64-0.23.1.tgz#51299374de171dbd80bb7d838e1cfce9af36f353"
  integrity sha512-6VhYk1diRqrhBAqpJEdjASR/+WVRtfjpqKuNw11cLiaWpAT/Uu+nokB+UJnevzy/P9C/ty6AOe0dwueMrGh/iQ==

"@esbuild/android-arm64@0.23.1":
  version "0.23.1"
  resolved "https://registry.yarnpkg.com/@esbuild/android-arm64/-/android-arm64-0.23.1.tgz#58565291a1fe548638adb9c584237449e5e14018"
  integrity sha512-xw50ipykXcLstLeWH7WRdQuysJqejuAGPd30vd1i5zSyKK3WE+ijzHmLKxdiCMtH1pHz78rOg0BKSYOSB/2Khw==

"@esbuild/android-arm@0.23.1":
  version "0.23.1"
  resolved "https://registry.yarnpkg.com/@esbuild/android-arm/-/android-arm-0.23.1.tgz#5eb8c652d4c82a2421e3395b808e6d9c42c862ee"
  integrity sha512-uz6/tEy2IFm9RYOyvKl88zdzZfwEfKZmnX9Cj1BHjeSGNuGLuMD1kR8y5bteYmwqKm1tj8m4cb/aKEorr6fHWQ==

"@esbuild/android-x64@0.23.1":
  version "0.23.1"
  resolved "https://registry.yarnpkg.com/@esbuild/android-x64/-/android-x64-0.23.1.tgz#ae19d665d2f06f0f48a6ac9a224b3f672e65d517"
  integrity sha512-nlN9B69St9BwUoB+jkyU090bru8L0NA3yFvAd7k8dNsVH8bi9a8cUAUSEcEEgTp2z3dbEDGJGfP6VUnkQnlReg==

"@esbuild/darwin-arm64@0.23.1":
  version "0.23.1"
  resolved "https://registry.yarnpkg.com/@esbuild/darwin-arm64/-/darwin-arm64-0.23.1.tgz#05b17f91a87e557b468a9c75e9d85ab10c121b16"
  integrity sha512-YsS2e3Wtgnw7Wq53XXBLcV6JhRsEq8hkfg91ESVadIrzr9wO6jJDMZnCQbHm1Guc5t/CdDiFSSfWP58FNuvT3Q==

"@esbuild/darwin-x64@0.23.1":
  version "0.23.1"
  resolved "https://registry.yarnpkg.com/@esbuild/darwin-x64/-/darwin-x64-0.23.1.tgz#c58353b982f4e04f0d022284b8ba2733f5ff0931"
  integrity sha512-aClqdgTDVPSEGgoCS8QDG37Gu8yc9lTHNAQlsztQ6ENetKEO//b8y31MMu2ZaPbn4kVsIABzVLXYLhCGekGDqw==

"@esbuild/freebsd-arm64@0.23.1":
  version "0.23.1"
  resolved "https://registry.yarnpkg.com/@esbuild/freebsd-arm64/-/freebsd-arm64-0.23.1.tgz#f9220dc65f80f03635e1ef96cfad5da1f446f3bc"
  integrity sha512-h1k6yS8/pN/NHlMl5+v4XPfikhJulk4G+tKGFIOwURBSFzE8bixw1ebjluLOjfwtLqY0kewfjLSrO6tN2MgIhA==

"@esbuild/freebsd-x64@0.23.1":
  version "0.23.1"
  resolved "https://registry.yarnpkg.com/@esbuild/freebsd-x64/-/freebsd-x64-0.23.1.tgz#69bd8511fa013b59f0226d1609ac43f7ce489730"
  integrity sha512-lK1eJeyk1ZX8UklqFd/3A60UuZ/6UVfGT2LuGo3Wp4/z7eRTRYY+0xOu2kpClP+vMTi9wKOfXi2vjUpO1Ro76g==

"@esbuild/linux-arm64@0.23.1":
  version "0.23.1"
  resolved "https://registry.yarnpkg.com/@esbuild/linux-arm64/-/linux-arm64-0.23.1.tgz#8050af6d51ddb388c75653ef9871f5ccd8f12383"
  integrity sha512-/93bf2yxencYDnItMYV/v116zff6UyTjo4EtEQjUBeGiVpMmffDNUyD9UN2zV+V3LRV3/on4xdZ26NKzn6754g==

"@esbuild/linux-arm@0.23.1":
  version "0.23.1"
  resolved "https://registry.yarnpkg.com/@esbuild/linux-arm/-/linux-arm-0.23.1.tgz#ecaabd1c23b701070484990db9a82f382f99e771"
  integrity sha512-CXXkzgn+dXAPs3WBwE+Kvnrf4WECwBdfjfeYHpMeVxWE0EceB6vhWGShs6wi0IYEqMSIzdOF1XjQ/Mkm5d7ZdQ==

"@esbuild/linux-ia32@0.23.1":
  version "0.23.1"
  resolved "https://registry.yarnpkg.com/@esbuild/linux-ia32/-/linux-ia32-0.23.1.tgz#3ed2273214178109741c09bd0687098a0243b333"
  integrity sha512-VTN4EuOHwXEkXzX5nTvVY4s7E/Krz7COC8xkftbbKRYAl96vPiUssGkeMELQMOnLOJ8k3BY1+ZY52tttZnHcXQ==

"@esbuild/linux-loong64@0.23.1":
  version "0.23.1"
  resolved "https://registry.yarnpkg.com/@esbuild/linux-loong64/-/linux-loong64-0.23.1.tgz#a0fdf440b5485c81b0fbb316b08933d217f5d3ac"
  integrity sha512-Vx09LzEoBa5zDnieH8LSMRToj7ir/Jeq0Gu6qJ/1GcBq9GkfoEAoXvLiW1U9J1qE/Y/Oyaq33w5p2ZWrNNHNEw==

"@esbuild/linux-mips64el@0.23.1":
  version "0.23.1"
  resolved "https://registry.yarnpkg.com/@esbuild/linux-mips64el/-/linux-mips64el-0.23.1.tgz#e11a2806346db8375b18f5e104c5a9d4e81807f6"
  integrity sha512-nrFzzMQ7W4WRLNUOU5dlWAqa6yVeI0P78WKGUo7lg2HShq/yx+UYkeNSE0SSfSure0SqgnsxPvmAUu/vu0E+3Q==

"@esbuild/linux-ppc64@0.23.1":
  version "0.23.1"
  resolved "https://registry.yarnpkg.com/@esbuild/linux-ppc64/-/linux-ppc64-0.23.1.tgz#06a2744c5eaf562b1a90937855b4d6cf7c75ec96"
  integrity sha512-dKN8fgVqd0vUIjxuJI6P/9SSSe/mB9rvA98CSH2sJnlZ/OCZWO1DJvxj8jvKTfYUdGfcq2dDxoKaC6bHuTlgcw==

"@esbuild/linux-riscv64@0.23.1":
  version "0.23.1"
  resolved "https://registry.yarnpkg.com/@esbuild/linux-riscv64/-/linux-riscv64-0.23.1.tgz#65b46a2892fc0d1af4ba342af3fe0fa4a8fe08e7"
  integrity sha512-5AV4Pzp80fhHL83JM6LoA6pTQVWgB1HovMBsLQ9OZWLDqVY8MVobBXNSmAJi//Csh6tcY7e7Lny2Hg1tElMjIA==

"@esbuild/linux-s390x@0.23.1":
  version "0.23.1"
  resolved "https://registry.yarnpkg.com/@esbuild/linux-s390x/-/linux-s390x-0.23.1.tgz#e71ea18c70c3f604e241d16e4e5ab193a9785d6f"
  integrity sha512-9ygs73tuFCe6f6m/Tb+9LtYxWR4c9yg7zjt2cYkjDbDpV/xVn+68cQxMXCjUpYwEkze2RcU/rMnfIXNRFmSoDw==

"@esbuild/linux-x64@0.23.1":
  version "0.23.1"
  resolved "https://registry.yarnpkg.com/@esbuild/linux-x64/-/linux-x64-0.23.1.tgz#d47f97391e80690d4dfe811a2e7d6927ad9eed24"
  integrity sha512-EV6+ovTsEXCPAp58g2dD68LxoP/wK5pRvgy0J/HxPGB009omFPv3Yet0HiaqvrIrgPTBuC6wCH1LTOY91EO5hQ==

"@esbuild/netbsd-x64@0.23.1":
  version "0.23.1"
  resolved "https://registry.yarnpkg.com/@esbuild/netbsd-x64/-/netbsd-x64-0.23.1.tgz#44e743c9778d57a8ace4b72f3c6b839a3b74a653"
  integrity sha512-aevEkCNu7KlPRpYLjwmdcuNz6bDFiE7Z8XC4CPqExjTvrHugh28QzUXVOZtiYghciKUacNktqxdpymplil1beA==

"@esbuild/openbsd-arm64@0.23.1":
  version "0.23.1"
  resolved "https://registry.yarnpkg.com/@esbuild/openbsd-arm64/-/openbsd-arm64-0.23.1.tgz#05c5a1faf67b9881834758c69f3e51b7dee015d7"
  integrity sha512-3x37szhLexNA4bXhLrCC/LImN/YtWis6WXr1VESlfVtVeoFJBRINPJ3f0a/6LV8zpikqoUg4hyXw0sFBt5Cr+Q==

"@esbuild/openbsd-x64@0.23.1":
  version "0.23.1"
  resolved "https://registry.yarnpkg.com/@esbuild/openbsd-x64/-/openbsd-x64-0.23.1.tgz#2e58ae511bacf67d19f9f2dcd9e8c5a93f00c273"
  integrity sha512-aY2gMmKmPhxfU+0EdnN+XNtGbjfQgwZj43k8G3fyrDM/UdZww6xrWxmDkuz2eCZchqVeABjV5BpildOrUbBTqA==

"@esbuild/sunos-x64@0.23.1":
  version "0.23.1"
  resolved "https://registry.yarnpkg.com/@esbuild/sunos-x64/-/sunos-x64-0.23.1.tgz#adb022b959d18d3389ac70769cef5a03d3abd403"
  integrity sha512-RBRT2gqEl0IKQABT4XTj78tpk9v7ehp+mazn2HbUeZl1YMdaGAQqhapjGTCe7uw7y0frDi4gS0uHzhvpFuI1sA==

"@esbuild/win32-arm64@0.23.1":
  version "0.23.1"
  resolved "https://registry.yarnpkg.com/@esbuild/win32-arm64/-/win32-arm64-0.23.1.tgz#84906f50c212b72ec360f48461d43202f4c8b9a2"
  integrity sha512-4O+gPR5rEBe2FpKOVyiJ7wNDPA8nGzDuJ6gN4okSA1gEOYZ67N8JPk58tkWtdtPeLz7lBnY6I5L3jdsr3S+A6A==

"@esbuild/win32-ia32@0.23.1":
  version "0.23.1"
  resolved "https://registry.yarnpkg.com/@esbuild/win32-ia32/-/win32-ia32-0.23.1.tgz#5e3eacc515820ff729e90d0cb463183128e82fac"
  integrity sha512-BcaL0Vn6QwCwre3Y717nVHZbAa4UBEigzFm6VdsVdT/MbZ38xoj1X9HPkZhbmaBGUD1W8vxAfffbDe8bA6AKnQ==

"@esbuild/win32-x64@0.23.1":
  version "0.23.1"
  resolved "https://registry.yarnpkg.com/@esbuild/win32-x64/-/win32-x64-0.23.1.tgz#81fd50d11e2c32b2d6241470e3185b70c7b30699"
  integrity sha512-BHpFFeslkWrXWyUPnbKm+xYYVYruCinGcftSBaa8zoF9hZO4BcSCFUvHVTtzpIY6YzUnYtuEhZ+C9iEXjxnasg==

"@eshaz/web-worker@1.2.2":
  version "1.2.2"
  resolved "https://registry.yarnpkg.com/@eshaz/web-worker/-/web-worker-1.2.2.tgz#506ec07ab811c15a12799725a0d8b82289e3d937"
  integrity sha512-WxXiHFmD9u/owrzempiDlBB1ZYqiLnm9s6aPc8AlFQalq2tKmqdmMr9GXOupDgzXtqnBipj8Un0gkIm7Sjf8mw==

"@hono/node-server@^1.13.1":
  version "1.13.7"
  resolved "https://registry.yarnpkg.com/@hono/node-server/-/node-server-1.13.7.tgz#af95cf97bd24ddffc97e72851738cbde0a98c791"
  integrity sha512-kTfUMsoloVKtRA2fLiGSd9qBddmru9KadNyhJCwgKBxTiNkaAJEwkVN9KV/rS4HtmmNRtUh6P+YpmjRMl0d9vQ==

"@hono/node-ws@^1.0.4":
  version "1.0.4"
  resolved "https://registry.yarnpkg.com/@hono/node-ws/-/node-ws-1.0.4.tgz#dbba98896ac7d43a5b6170211e10641757ef75be"
  integrity sha512-0j1TMp67U5ym0CIlvPKcKtD0f2ZjaS/EnhOxFLs3bVfV+/4WInBE7hVe2x/7PLEsNIUK9+jVL8lPd28rzTAcZg==
  dependencies:
    ws "^8.17.0"

"@langchain/community@^0.3.4":
  version "0.3.15"
  resolved "https://registry.yarnpkg.com/@langchain/community/-/community-0.3.15.tgz#68f84098089a3c15f44e33506f10c9f0734c132c"
  integrity sha512-yG4cv33u7zYar14yqZCI7o2KjwRb+9S7upVzEmVVETimpicm9UjpkMfX4qa4A4IslM1TtC4uy2Ymu9EcINZSpQ==
  dependencies:
    "@langchain/openai" ">=0.2.0 <0.4.0"
    binary-extensions "^2.2.0"
    expr-eval "^2.0.2"
    flat "^5.0.2"
    js-yaml "^4.1.0"
    langchain ">=0.2.3 <0.3.0 || >=0.3.4 <0.4.0"
    langsmith "^0.2.0"
    uuid "^10.0.0"
    zod "^3.22.3"
    zod-to-json-schema "^3.22.5"

"@langchain/core@^0.3.7":
  version "0.3.18"
  resolved "https://registry.yarnpkg.com/@langchain/core/-/core-0.3.18.tgz#bbe3c518f3b48b0cecd426b36d22bac88486a214"
  integrity sha512-IEZCrFs1Xd0J2FTH1D3Lnm3/Yk2r8LSpwDeLYwcCom3rNAK5k4mKQ2rwIpNq3YuqBdrTNMKRO+PopjkP1SB17A==
  dependencies:
    ansi-styles "^5.0.0"
    camelcase "6"
    decamelize "1.2.0"
    js-tiktoken "^1.0.12"
    langsmith "^0.2.0"
    mustache "^4.2.0"
    p-queue "^6.6.2"
    p-retry "4"
    uuid "^10.0.0"
    zod "^3.22.4"
    zod-to-json-schema "^3.22.3"

"@langchain/openai@>=0.1.0 <0.4.0", "@langchain/openai@>=0.2.0 <0.4.0":
  version "0.3.14"
  resolved "https://registry.yarnpkg.com/@langchain/openai/-/openai-0.3.14.tgz#c2f50fe963769851287f0171385232a344a5484a"
  integrity sha512-lNWjUo1tbvsss45IF7UQtMu1NJ6oUKvhgPYWXnX9f/d6OmuLu7D99HQ3Y88vLcUo9XjjOy417olYHignMduMjA==
  dependencies:
    js-tiktoken "^1.0.12"
    openai "^4.71.0"
    zod "^3.22.4"
    zod-to-json-schema "^3.22.3"

"@langchain/textsplitters@>=0.0.0 <0.2.0":
  version "0.1.0"
  resolved "https://registry.yarnpkg.com/@langchain/textsplitters/-/textsplitters-0.1.0.tgz#f37620992192df09ecda3dfbd545b36a6bcbae46"
  integrity sha512-djI4uw9rlkAb5iMhtLED+xJebDdAG935AdP4eRTB02R7OB/act55Bj9wsskhZsvuyQRpO4O1wQOp85s6T6GWmw==
  dependencies:
    js-tiktoken "^1.0.12"

"@supabase/auth-js@2.65.1":
  version "2.65.1"
  resolved "https://registry.yarnpkg.com/@supabase/auth-js/-/auth-js-2.65.1.tgz#4f6ab9ece2e6613d2648ecf5482800f3766479ea"
  integrity sha512-IA7i2Xq2SWNCNMKxwmPlHafBQda0qtnFr8QnyyBr+KaSxoXXqEzFCnQ1dGTy6bsZjVBgXu++o3qrDypTspaAPw==
  dependencies:
    "@supabase/node-fetch" "^2.6.14"

"@supabase/functions-js@2.4.3":
  version "2.4.3"
  resolved "https://registry.yarnpkg.com/@supabase/functions-js/-/functions-js-2.4.3.tgz#ac1c696d3a1ebe00f60d5cea69b208078678ef8b"
  integrity sha512-sOLXy+mWRyu4LLv1onYydq+10mNRQ4rzqQxNhbrKLTLTcdcmS9hbWif0bGz/NavmiQfPs4ZcmQJp4WqOXlR4AQ==
  dependencies:
    "@supabase/node-fetch" "^2.6.14"

"@supabase/node-fetch@2.6.15", "@supabase/node-fetch@^2.6.14":
  version "2.6.15"
  resolved "https://registry.yarnpkg.com/@supabase/node-fetch/-/node-fetch-2.6.15.tgz#731271430e276983191930816303c44159e7226c"
  integrity sha512-1ibVeYUacxWYi9i0cf5efil6adJ9WRyZBLivgjs+AUpewx1F3xPi7gLgaASI2SmIQxPoCEjAsLAzKPgMJVgOUQ==
  dependencies:
    whatwg-url "^5.0.0"

"@supabase/postgrest-js@1.16.3":
  version "1.16.3"
  resolved "https://registry.yarnpkg.com/@supabase/postgrest-js/-/postgrest-js-1.16.3.tgz#d8e009e63b9152e46715982a6d706f1450c0af0d"
  integrity sha512-HI6dsbW68AKlOPofUjDTaosiDBCtW4XAm0D18pPwxoW3zKOE2Ru13Z69Wuys9fd6iTpfDViNco5sgrtnP0666A==
  dependencies:
    "@supabase/node-fetch" "^2.6.14"

"@supabase/realtime-js@2.10.7":
  version "2.10.7"
  resolved "https://registry.yarnpkg.com/@supabase/realtime-js/-/realtime-js-2.10.7.tgz#9e0cbecdffbfda3ae94639dbe0e55b06c6f79290"
  integrity sha512-OLI0hiSAqQSqRpGMTUwoIWo51eUivSYlaNBgxsXZE7PSoWh12wPRdVt0psUMaUzEonSB85K21wGc7W5jHnT6uA==
  dependencies:
    "@supabase/node-fetch" "^2.6.14"
    "@types/phoenix" "^1.5.4"
    "@types/ws" "^8.5.10"
    ws "^8.14.2"

"@supabase/ssr@^0.3.0":
  version "0.3.0"
  resolved "https://registry.yarnpkg.com/@supabase/ssr/-/ssr-0.3.0.tgz#bb151be9b31be2e59cd7c3ac538cf01d95f78156"
  integrity sha512-lcVyQ7H6eumb2FB1Wa2N+jYWMfq6CFza3KapikT0fgttMQ+QvDgpNogx9jI8bZgKds+XFSMCojxFvFb+gwdbfA==
  dependencies:
    cookie "^0.5.0"
    ramda "^0.29.0"

"@supabase/storage-js@2.7.1":
  version "2.7.1"
  resolved "https://registry.yarnpkg.com/@supabase/storage-js/-/storage-js-2.7.1.tgz#761482f237deec98a59e5af1ace18c7a5e0a69af"
  integrity sha512-asYHcyDR1fKqrMpytAS1zjyEfvxuOIp1CIXX7ji4lHHcJKqyk+sLl/Vxgm4sN6u8zvuUtae9e4kDxQP2qrwWBA==
  dependencies:
    "@supabase/node-fetch" "^2.6.14"

"@supabase/supabase-js@^2.43.4":
  version "2.46.1"
  resolved "https://registry.yarnpkg.com/@supabase/supabase-js/-/supabase-js-2.46.1.tgz#4d23cdf7b6aab45686dfe87577ca7d1371afd341"
  integrity sha512-HiBpd8stf7M6+tlr+/82L8b2QmCjAD8ex9YdSAKU+whB/SHXXJdus1dGlqiH9Umy9ePUuxaYmVkGd9BcvBnNvg==
  dependencies:
    "@supabase/auth-js" "2.65.1"
    "@supabase/functions-js" "2.4.3"
    "@supabase/node-fetch" "2.6.15"
    "@supabase/postgrest-js" "1.16.3"
    "@supabase/realtime-js" "2.10.7"
    "@supabase/storage-js" "2.7.1"

"@thi.ng/bitstream@^2.2.12":
  version "2.4.4"
  resolved "https://registry.yarnpkg.com/@thi.ng/bitstream/-/bitstream-2.4.4.tgz#79b6a3decb7a01be82b946fd6a64d0ff10fba3ba"
  integrity sha512-p235LAhQ+SBVi9EtgOj73qqQaMyi+8s3dXrDT3gz09XaO7rdIIYH+VOk/R6R57AvuAr1ZHLHbSDDQNJYsCfWCw==
  dependencies:
    "@thi.ng/errors" "^2.5.18"

"@thi.ng/errors@^2.5.18":
  version "2.5.18"
  resolved "https://registry.yarnpkg.com/@thi.ng/errors/-/errors-2.5.18.tgz#d2f0e391d99d732d78b5ce4c78fed74538ef70a8"
  integrity sha512-9/r4yjhpeuQr4lDWOkrXAc57DWKBB9Vl15zBdkYjbIcsqpjw8o/B6Cqqtiw5lR6NQrXdGxrscxXNjphdwQ1m6A==

"@types/node-fetch@^2.6.4":
  version "2.6.12"
  resolved "https://registry.yarnpkg.com/@types/node-fetch/-/node-fetch-2.6.12.tgz#8ab5c3ef8330f13100a7479e2cd56d3386830a03"
  integrity sha512-8nneRWKCg3rMtF69nLQJnOYUcbafYeFSjqkw3jCRLsqkWFlHaoQrr5mXmofFGOx3DKn7UfmBMyov8ySvLRVldA==
  dependencies:
    "@types/node" "*"
    form-data "^4.0.0"

"@types/node@*":
  version "22.9.3"
  resolved "https://registry.yarnpkg.com/@types/node/-/node-22.9.3.tgz#08f3d64b3bc6d74b162d36f60213e8a6704ef2b4"
  integrity sha512-F3u1fs/fce3FFk+DAxbxc78DF8x0cY09RRL8GnXLmkJ1jvx3TtPdWoTT5/NiYfI5ASqXBmfqJi9dZ3gxMx4lzw==
  dependencies:
    undici-types "~6.19.8"

"@types/node@^18.11.18":
  version "18.19.65"
  resolved "https://registry.yarnpkg.com/@types/node/-/node-18.19.65.tgz#e6aaac55fab80c6a3ff61ab27bc25105a7bea479"
  integrity sha512-Ay5BZuO1UkTmVHzZJNvZKw/E+iB3GQABb6kijEz89w2JrfhNA+M/ebp18pfz9Gqe9ywhMC8AA8yC01lZq48J+Q==
  dependencies:
    undici-types "~5.26.4"

"@types/node@^20.11.17":
  version "20.17.7"
  resolved "https://registry.yarnpkg.com/@types/node/-/node-20.17.7.tgz#790151a28c5a172773d95d53a0c23d3c59a883c4"
  integrity sha512-sZXXnpBFMKbao30dUAvzKbdwA2JM1fwUtVEq/kxKuPI5mMwZiRElCpTXb0Biq/LMEVpXDZL5G5V0RPnxKeyaYg==
  dependencies:
    undici-types "~6.19.2"

"@types/phoenix@^1.5.4":
  version "1.6.6"
  resolved "https://registry.yarnpkg.com/@types/phoenix/-/phoenix-1.6.6.tgz#3c1ab53fd5a23634b8e37ea72ccacbf07fbc7816"
  integrity sha512-PIzZZlEppgrpoT2QgbnDU+MMzuR6BbCjllj0bM70lWoejMeNJAxCchxnv7J3XFkI8MpygtRpzXrIlmWUBclP5A==

"@types/retry@0.12.0":
  version "0.12.0"
  resolved "https://registry.yarnpkg.com/@types/retry/-/retry-0.12.0.tgz#2b35eccfcee7d38cd72ad99232fbd58bffb3c84d"
  integrity sha512-wWKOClTTiizcZhXnPY4wikVAwmdYHp8q6DmC+EJUzAMsycb7HB32Kh9RN4+0gExjmPmZSAQjgURXIGATPegAvA==

"@types/uuid@^10.0.0":
  version "10.0.0"
  resolved "https://registry.yarnpkg.com/@types/uuid/-/uuid-10.0.0.tgz#e9c07fe50da0f53dc24970cca94d619ff03f6f6d"
  integrity sha512-7gqG38EyHgyP1S+7+xomFtL+ZNHcKv6DwNaCZmJmo1vgMugyF3TCnXVg4t1uk89mLNwnLtnY3TpOpCOyp1/xHQ==

"@types/wav@^1.0.4":
  version "1.0.4"
  resolved "https://registry.yarnpkg.com/@types/wav/-/wav-1.0.4.tgz#d65674001cc4eb2fe1547a079a59904cd362ea88"
  integrity sha512-s8C6tD2lPnkNkX2rWl0FMSpOXrKb3zB9eRO36p2bViSVw9lVJLSJRK7sOe7lOQ13YpM22/K91o/stMempoWPFw==
  dependencies:
    "@types/node" "*"

"@types/ws@^8.5.10", "@types/ws@^8.5.12":
  version "8.5.13"
  resolved "https://registry.yarnpkg.com/@types/ws/-/ws-8.5.13.tgz#6414c280875e2691d0d1e080b05addbf5cb91e20"
  integrity sha512-osM/gWBTPKgHV8XkTunnegTRIsvF6owmf5w+JtAfOw472dptdm0dlGv4xCt6GwQRcC2XVOvvRE/0bAoQcL2QkA==
  dependencies:
    "@types/node" "*"

"@wasm-audio-decoders/common@9.0.5":
  version "9.0.5"
  resolved "https://registry.yarnpkg.com/@wasm-audio-decoders/common/-/common-9.0.5.tgz#d94d628f3cc0eb5a6e3702870cb621f0e8f1447c"
  integrity sha512-b9JNh9sPAvn8PVIizNh9D60WkfQong/u9ea873H47u7zvVDLctxYIp2aZw9CQqXaQdk7JB3MoU5UHiseO40swg==
  dependencies:
    "@eshaz/web-worker" "1.2.2"
    simple-yenc "^1.0.4"

"@wasm-audio-decoders/flac@^0.2.4":
  version "0.2.5"
  resolved "https://registry.yarnpkg.com/@wasm-audio-decoders/flac/-/flac-0.2.5.tgz#344a657ff51de56323c849861876299d6127a313"
  integrity sha512-8M//CgB3PlkWwn47KcwD0tO6DZBA7/AGG0ukHSG0G97UbNEUNINvKDWAKPVWznzHsqeBP6axw+K/38dzng64JA==
  dependencies:
    "@wasm-audio-decoders/common" "9.0.5"
    codec-parser "2.5.0"

"@wasm-audio-decoders/ogg-vorbis@^0.1.15":
  version "0.1.16"
  resolved "https://registry.yarnpkg.com/@wasm-audio-decoders/ogg-vorbis/-/ogg-vorbis-0.1.16.tgz#56c17fb7366599cc81ab11639e5d39dd15b3a81d"
  integrity sha512-HcEx4LPZbbzjhs9bTXgMaXLVCSMSo/egY9paJxAnE9tsYbvseAaGtVddLYktl3Qi/G+nW/ZzUXg4144izJjqCw==
  dependencies:
    "@wasm-audio-decoders/common" "9.0.5"
    codec-parser "2.5.0"

abort-controller@^3.0.0:
  version "3.0.0"
  resolved "https://registry.yarnpkg.com/abort-controller/-/abort-controller-3.0.0.tgz#eaf54d53b62bae4138e809ca225c8439a6efb392"
  integrity sha512-h8lQ8tacZYnR3vNQTgibj+tODHI5/+l06Au2Pcriv/Gmet0eaj4TwWH41sO9wnHDiQsEj19q0drzdWdeAHtweg==
  dependencies:
    event-target-shim "^5.0.0"

agentkeepalive@^4.2.1:
  version "4.5.0"
  resolved "https://registry.yarnpkg.com/agentkeepalive/-/agentkeepalive-4.5.0.tgz#2673ad1389b3c418c5a20c5d7364f93ca04be923"
  integrity sha512-5GG/5IbQQpC9FpkRGsSvZI5QYeSCzlJHdpBQntCsuTOxhKD8lqKhrleg2Yi7yvMIf82Ycmmqln9U8V9qwEiJew==
  dependencies:
    humanize-ms "^1.2.1"

ansi-styles@^5.0.0:
  version "5.2.0"
  resolved "https://registry.yarnpkg.com/ansi-styles/-/ansi-styles-5.2.0.tgz#07449690ad45777d1924ac2abb2fc8895dba836b"
  integrity sha512-Cxwpt2SfTzTtXcfOlzGEee8O+c+MmUgGrNiBcXnuWxuFJHe6a5Hz7qwhwe5OgaSYI0IJvkLqWX1ASG+cJOkEiA==

argparse@^2.0.1:
  version "2.0.1"
  resolved "https://registry.yarnpkg.com/argparse/-/argparse-2.0.1.tgz#246f50f3ca78a3240f6c997e8a9bd1eac49e4b38"
  integrity sha512-8+9WqebbFzpX9OR+Wa6O29asIogeRMzcGtAINdpMHHyAg10f05aSFVBbcEqGf/PXw1EjAZ+q2/bEBg3DvurK3Q==

assemblyai@^4.8.0:
  version "4.8.0"
  resolved "https://registry.yarnpkg.com/assemblyai/-/assemblyai-4.8.0.tgz#e5abbd401f70669fa556b7daf73a14bbad090013"
  integrity sha512-TRIcthDBdJ+lj1ohLa516Kr/BO2AQn+IhBBl/eeomZGZym90aEC6qirc337hEPUxmmINSJ8XTSY4xwy51HmDGA==
  dependencies:
    ws "^8.18.0"

asynckit@^0.4.0:
  version "0.4.0"
  resolved "https://registry.yarnpkg.com/asynckit/-/asynckit-0.4.0.tgz#c79ed97f7f34cb8f2ba1bc9790bcc366474b4b79"
  integrity sha512-Oei9OH4tRh0YqU3GxhX79dM/mwVgvbZJaSNaRk+bshkj0S5cfHcgYakreBjrHwatXKbz+IoIdYLxrKim2MjW0Q==

audio-buffer@^5.0.0:
  version "5.0.0"
  resolved "https://registry.yarnpkg.com/audio-buffer/-/audio-buffer-5.0.0.tgz#92129984ebdbb8ad1c4ec6fd81525a0e0a29e99e"
  integrity sha512-gsDyj1wwUp8u7NBB+eW6yhLb9ICf+0eBmDX8NGaAS00w8/fLqFdxUlL5Ge/U8kB64DlQhdonxYC59dXy1J7H/w==

audio-decode@^2.2.2:
  version "2.2.2"
  resolved "https://registry.yarnpkg.com/audio-decode/-/audio-decode-2.2.2.tgz#5ea56c93ac87a0481c315d67a4afe0b6a578378a"
  integrity sha512-xyh7z6dpRT+5Ez4ggV2cEkSShkDvvIBBmVPR3kYY7uIBqRO1BGNjofip6JnjBnvezhrU3ypBGZjepyKFDZWnDw==
  dependencies:
    "@wasm-audio-decoders/flac" "^0.2.4"
    "@wasm-audio-decoders/ogg-vorbis" "^0.1.15"
    audio-buffer "^5.0.0"
    audio-type "^2.2.1"
    mpg123-decoder "^1.0.0"
    node-wav "^0.0.2"
    ogg-opus-decoder "^1.6.12"
    qoa-format "^1.0.1"

audio-type@^2.2.1:
  version "2.2.1"
  resolved "https://registry.yarnpkg.com/audio-type/-/audio-type-2.2.1.tgz#5ceae0b0b3cf3b1e117edabb9e5332eaf3bd4f25"
  integrity sha512-En9AY6EG1qYqEy5L/quryzbA4akBpJrnBZNxeKTqGHC2xT9Qc4aZ8b7CcbOMFTTc/MGdoNyp+SN4zInZNKxMYA==

base64-js@^1.5.1:
  version "1.5.1"
  resolved "https://registry.yarnpkg.com/base64-js/-/base64-js-1.5.1.tgz#1b1b440160a5bf7ad40b650f095963481903930a"
  integrity sha512-AKpaYlHn8t4SVbOHCy+b5+KKgvR4vrsD8vbvrbiQJps7fKDTkjkDry6ji0rUJjC0kzbNePLwzxq8iypo41qeWA==

binary-extensions@^2.2.0:
  version "2.3.0"
  resolved "https://registry.yarnpkg.com/binary-extensions/-/binary-extensions-2.3.0.tgz#f6e14a97858d327252200242d4ccfe522c445522"
  integrity sha512-Ceh+7ox5qe7LJuLHoY0feh3pHuUDHAcRUeyL2VYghZwfpkNIy/+8Ocg0a3UuSoYzavmylwuLWQOf3hl0jjMMIw==

buffer-alloc-unsafe@^1.1.0:
  version "1.1.0"
  resolved "https://registry.yarnpkg.com/buffer-alloc-unsafe/-/buffer-alloc-unsafe-1.1.0.tgz#bd7dc26ae2972d0eda253be061dba992349c19f0"
  integrity sha512-TEM2iMIEQdJ2yjPJoSIsldnleVaAk1oW3DBVUykyOLsEsFmEc9kn+SFFPz+gl54KQNxlDnAwCXosOS9Okx2xAg==

buffer-alloc@^1.1.0:
  version "1.2.0"
  resolved "https://registry.yarnpkg.com/buffer-alloc/-/buffer-alloc-1.2.0.tgz#890dd90d923a873e08e10e5fd51a57e5b7cce0ec"
  integrity sha512-CFsHQgjtW1UChdXgbyJGtnm+O/uLQeZdtbDo8mfUgYXCHSM1wgrVxXm6bSyrUuErEb+4sYVGCzASBRot7zyrow==
  dependencies:
    buffer-alloc-unsafe "^1.1.0"
    buffer-fill "^1.0.0"

buffer-fill@^1.0.0:
  version "1.0.0"
  resolved "https://registry.yarnpkg.com/buffer-fill/-/buffer-fill-1.0.0.tgz#f8f78b76789888ef39f205cd637f68e702122b2c"
  integrity sha512-T7zexNBwiiaCOGDg9xNX9PBmjrubblRkENuptryuI64URkXDFum9il/JGL8Lm8wYfAXpredVXXZz7eMHilimiQ==

buffer-from@^1.0.0:
  version "1.1.2"
  resolved "https://registry.yarnpkg.com/buffer-from/-/buffer-from-1.1.2.tgz#2b146a6fd72e80b4f55d255f35ed59a3a9a41bd5"
  integrity sha512-E+XQCRwSbaaiChtv6k6Dwgc+bx+Bs6vuKJHHl5kox/BaKbhiXzqQOwK4cO22yElGp2OCmjwVhT3HmxgyPGnJfQ==

camelcase@6:
  version "6.3.0"
  resolved "https://registry.yarnpkg.com/camelcase/-/camelcase-6.3.0.tgz#5685b95eb209ac9c0c177467778c9c84df58ba9a"
  integrity sha512-Gmy6FhYlCY7uOElZUSbxo2UCDH8owEk996gkbrpsgGtrJLM3J7jGxl9Ic7Qwwj4ivOE5AWZWRMecDdF7hqGjFA==

clipboardy@^4.0.0:
  version "4.0.0"
  resolved "https://registry.yarnpkg.com/clipboardy/-/clipboardy-4.0.0.tgz#e73ced93a76d19dd379ebf1f297565426dffdca1"
  integrity sha512-5mOlNS0mhX0707P2I0aZ2V/cmHUEO/fL7VFLqszkhUsxt7RwnmrInf/eEQKlf5GzvYeHIjT+Ov1HRfNmymlG0w==
  dependencies:
    execa "^8.0.1"
    is-wsl "^3.1.0"
    is64bit "^2.0.0"

codec-parser@2.5.0:
  version "2.5.0"
  resolved "https://registry.yarnpkg.com/codec-parser/-/codec-parser-2.5.0.tgz#213f224dcf029854682a532a41d2d433ddda4d3e"
  integrity sha512-Ru9t80fV8B0ZiixQl8xhMTLru+dzuis/KQld32/x5T/+3LwZb0/YvQdSKytX9JqCnRdiupvAvyYJINKrXieziQ==

combined-stream@^1.0.8:
  version "1.0.8"
  resolved "https://registry.yarnpkg.com/combined-stream/-/combined-stream-1.0.8.tgz#c3d45a8b34fd730631a110a8a2520682b31d5a7f"
  integrity sha512-FQN4MRfuJeHf7cBbBMJFXhKSDq+2kAArBlmRBvcvFE5BB1HZKXtSFASDhdlz9zOYwxh8lDdnvmMOe/+5cdoEdg==
  dependencies:
    delayed-stream "~1.0.0"

commander@^10.0.1:
  version "10.0.1"
  resolved "https://registry.yarnpkg.com/commander/-/commander-10.0.1.tgz#881ee46b4f77d1c1dccc5823433aa39b022cbe06"
  integrity sha512-y4Mg2tXshplEbSGzx7amzPwKKOCGuoSRP/CjEdwwk0FOGlUbq6lKuoyDZTNZkmxHdJtp54hdfY/JUrdL7Xfdug==

cookie@^0.5.0:
  version "0.5.0"
  resolved "https://registry.yarnpkg.com/cookie/-/cookie-0.5.0.tgz#d1f5d71adec6558c58f389987c366aa47e994f8b"
  integrity sha512-YZ3GUyn/o8gfKJlnlX7g7xq4gyO6OSuhGPKaaGssGB2qgDUS0gPgtTvoyZLTt9Ab6dC4hfc9dV5arkvc/OCmrw==

core-util-is@~1.0.0:
  version "1.0.3"
  resolved "https://registry.yarnpkg.com/core-util-is/-/core-util-is-1.0.3.tgz#a6042d3634c2b27e9328f837b965fac83808db85"
  integrity sha512-ZQBvi1DcpJ4GDqanjucZ2Hj3wEO5pZDS89BWbkcrvdxksJorwUDDZamX9ldFkp9aw2lmBDLgkObEA4DWNJ9FYQ==

cross-spawn@^7.0.3:
  version "7.0.6"
  resolved "https://registry.yarnpkg.com/cross-spawn/-/cross-spawn-7.0.6.tgz#8a58fe78f00dcd70c370451759dfbfaf03e8ee9f"
  integrity sha512-uV2QOWP2nWzsy2aMp8aRibhi9dlzF5Hgh5SHaB9OiTGEyDTiJJyx0uy51QXdyWbtAHNua4XJzUKca3OzKUd3vA==
  dependencies:
    path-key "^3.1.0"
    shebang-command "^2.0.0"
    which "^2.0.1"

debug@2, debug@^2.2.0:
  version "2.6.9"
  resolved "https://registry.yarnpkg.com/debug/-/debug-2.6.9.tgz#5d128515df134ff327e90a4c93f4e077a536341f"
  integrity sha512-bC7ElrdJaJnPbAP+1EotYvqZsb3ecl5wi6Bfi6BJTUcNowp6cvspg0jXznRTKDjm/E7AdgFBVeAPVMNcKGsHMA==
  dependencies:
    ms "2.0.0"

decamelize@1.2.0:
  version "1.2.0"
  resolved "https://registry.yarnpkg.com/decamelize/-/decamelize-1.2.0.tgz#f6534d15148269b20352e7bee26f501f9a191290"
  integrity sha512-z2S+W9X73hAUUki+N+9Za2lBlun89zigOyGrsax+KUQ6wKW4ZoWpEYBkGhQjwAjjDCkWxhY0VKEhk8wzY7F5cA==

delayed-stream@~1.0.0:
  version "1.0.0"
  resolved "https://registry.yarnpkg.com/delayed-stream/-/delayed-stream-1.0.0.tgz#df3ae199acadfb7d440aaae0b29e2272b24ec619"
  integrity sha512-ZySD7Nf91aLB0RxL4KGrKHBXl7Eds1DAmEdcoVawXnLD7SDhpNgtuII2aAkg7a7QS41jxPSZ17p4VdGnMHk3MQ==

dotenv@^16.4.5:
  version "16.4.5"
  resolved "https://registry.yarnpkg.com/dotenv/-/dotenv-16.4.5.tgz#cdd3b3b604cb327e286b4762e13502f717cb099f"
  integrity sha512-ZmdL2rui+eB2YwhsWzjInR8LldtZHGDoQ1ugH85ppHKwpUHL7j7rN0Ti9NCnGiQbhaZ11FpR+7ao1dNsmduNUg==

esbuild@~0.23.0:
  version "0.23.1"
  resolved "https://registry.yarnpkg.com/esbuild/-/esbuild-0.23.1.tgz#40fdc3f9265ec0beae6f59824ade1bd3d3d2dab8"
  integrity sha512-VVNz/9Sa0bs5SELtn3f7qhJCDPCF5oMEl5cO9/SSinpE9hbPVvxbd572HH5AKiP7WD8INO53GgfDDhRjkylHEg==
  optionalDependencies:
    "@esbuild/aix-ppc64" "0.23.1"
    "@esbuild/android-arm" "0.23.1"
    "@esbuild/android-arm64" "0.23.1"
    "@esbuild/android-x64" "0.23.1"
    "@esbuild/darwin-arm64" "0.23.1"
    "@esbuild/darwin-x64" "0.23.1"
    "@esbuild/freebsd-arm64" "0.23.1"
    "@esbuild/freebsd-x64" "0.23.1"
    "@esbuild/linux-arm" "0.23.1"
    "@esbuild/linux-arm64" "0.23.1"
    "@esbuild/linux-ia32" "0.23.1"
    "@esbuild/linux-loong64" "0.23.1"
    "@esbuild/linux-mips64el" "0.23.1"
    "@esbuild/linux-ppc64" "0.23.1"
    "@esbuild/linux-riscv64" "0.23.1"
    "@esbuild/linux-s390x" "0.23.1"
    "@esbuild/linux-x64" "0.23.1"
    "@esbuild/netbsd-x64" "0.23.1"
    "@esbuild/openbsd-arm64" "0.23.1"
    "@esbuild/openbsd-x64" "0.23.1"
    "@esbuild/sunos-x64" "0.23.1"
    "@esbuild/win32-arm64" "0.23.1"
    "@esbuild/win32-ia32" "0.23.1"
    "@esbuild/win32-x64" "0.23.1"

event-target-shim@^5.0.0:
  version "5.0.1"
  resolved "https://registry.yarnpkg.com/event-target-shim/-/event-target-shim-5.0.1.tgz#5d4d3ebdf9583d63a5333ce2deb7480ab2b05789"
  integrity sha512-i/2XbnSz/uxRCU6+NdVJgKWDTM427+MqYbkQzD321DuCQJUqOuJKIA0IM2+W2xtYHdKOmZ4dR6fExsd4SXL+WQ==

eventemitter3@^4.0.4:
  version "4.0.7"
  resolved "https://registry.yarnpkg.com/eventemitter3/-/eventemitter3-4.0.7.tgz#2de9b68f6528d5644ef5c59526a1b4a07306169f"
  integrity sha512-8guHBZCwKnFhYdHr2ysuRWErTwhoN2X8XELRlrRwpmfeY2jjuUN4taQMsULKUVo1K4DvZl+0pgfyoysHxvmvEw==

execa@^8.0.1:
  version "8.0.1"
  resolved "https://registry.yarnpkg.com/execa/-/execa-8.0.1.tgz#51f6a5943b580f963c3ca9c6321796db8cc39b8c"
  integrity sha512-VyhnebXciFV2DESc+p6B+y0LjSm0krU4OgJN44qFAhBY0TJ+1V61tYD2+wHusZ6F9n5K+vl8k0sTy7PEfV4qpg==
  dependencies:
    cross-spawn "^7.0.3"
    get-stream "^8.0.1"
    human-signals "^5.0.0"
    is-stream "^3.0.0"
    merge-stream "^2.0.0"
    npm-run-path "^5.1.0"
    onetime "^6.0.0"
    signal-exit "^4.1.0"
    strip-final-newline "^3.0.0"

expr-eval@^2.0.2:
  version "2.0.2"
  resolved "https://registry.yarnpkg.com/expr-eval/-/expr-eval-2.0.2.tgz#fa6f044a7b0c93fde830954eb9c5b0f7fbc7e201"
  integrity sha512-4EMSHGOPSwAfBiibw3ndnP0AvjDWLsMvGOvWEZ2F96IGk0bIVdjQisOHxReSkE13mHcfbuCiXw+G4y0zv6N8Eg==

flat@^5.0.2:
  version "5.0.2"
  resolved "https://registry.yarnpkg.com/flat/-/flat-5.0.2.tgz#8ca6fe332069ffa9d324c327198c598259ceb241"
  integrity sha512-b6suED+5/3rTpUBdG1gupIl8MPFCAMA0QXwmljLhvCUKcUvdE4gWky9zpuGCcXHOsz4J9wPGNWq6OKpmIzz3hQ==

form-data-encoder@1.7.2:
  version "1.7.2"
  resolved "https://registry.yarnpkg.com/form-data-encoder/-/form-data-encoder-1.7.2.tgz#1f1ae3dccf58ed4690b86d87e4f57c654fbab040"
  integrity sha512-qfqtYan3rxrnCk1VYaA4H+Ms9xdpPqvLZa6xmMgFvhO32x7/3J/ExcTd6qpxM0vH2GdMI+poehyBZvqfMTto8A==

form-data@^4.0.0:
  version "4.0.1"
  resolved "https://registry.yarnpkg.com/form-data/-/form-data-4.0.1.tgz#ba1076daaaa5bfd7e99c1a6cb02aa0a5cff90d48"
  integrity sha512-tzN8e4TX8+kkxGPK8D5u0FNmjPUjw3lwC9lSLxxoB/+GtsJG91CO8bSWy73APlgAZzZbXEYZJuxjkHH2w+Ezhw==
  dependencies:
    asynckit "^0.4.0"
    combined-stream "^1.0.8"
    mime-types "^2.1.12"

formdata-node@^4.3.2:
  version "4.4.1"
  resolved "https://registry.yarnpkg.com/formdata-node/-/formdata-node-4.4.1.tgz#23f6a5cb9cb55315912cbec4ff7b0f59bbd191e2"
  integrity sha512-0iirZp3uVDjVGt9p49aTaqjk84TrglENEDuqfdlZQ1roC9CWlPk6Avf8EEnZNcAqPonwkG35x4n3ww/1THYAeQ==
  dependencies:
    node-domexception "1.0.0"
    web-streams-polyfill "4.0.0-beta.3"

fsevents@~2.3.3:
  version "2.3.3"
  resolved "https://registry.yarnpkg.com/fsevents/-/fsevents-2.3.3.tgz#cac6407785d03675a2a5e1a5305c697b347d90d6"
  integrity sha512-5xoDfX+fL7faATnagmWPpbFtwh/R77WmMMqqHGS65C3vvB0YHrgF+B1YmZ3441tMj5n63k0212XNoJwzlhffQw==

get-stream@^8.0.1:
  version "8.0.1"
  resolved "https://registry.yarnpkg.com/get-stream/-/get-stream-8.0.1.tgz#def9dfd71742cd7754a7761ed43749a27d02eca2"
  integrity sha512-VaUJspBffn/LMCJVoMvSAdmscJyS1auj5Zulnn5UoYcY531UWmdwhRWkcGKnGU93m5HSXP9LP2usOryrBtQowA==

get-tsconfig@^4.7.5:
  version "4.8.1"
  resolved "https://registry.yarnpkg.com/get-tsconfig/-/get-tsconfig-4.8.1.tgz#8995eb391ae6e1638d251118c7b56de7eb425471"
  integrity sha512-k9PN+cFBmaLWtVz29SkUoqU5O0slLuHJXt/2P+tMVFT+phsSGXGkp9t3rQIqdz0e+06EHNGs3oM6ZX1s2zHxRg==
  dependencies:
    resolve-pkg-maps "^1.0.0"

hono@^4.6.3:
  version "4.6.11"
  resolved "https://registry.yarnpkg.com/hono/-/hono-4.6.11.tgz#8aa9bea754cfd6e295800652a107dd850bcf3c54"
  integrity sha512-f0LwJQFKdUUrCUAVowxSvNCjyzI7ZLt8XWYU/EApyeq5FfOvHFarBaE5rjU9HTNFk4RI0FkdB2edb3p/7xZjzQ==

human-signals@^5.0.0:
  version "5.0.0"
  resolved "https://registry.yarnpkg.com/human-signals/-/human-signals-5.0.0.tgz#42665a284f9ae0dade3ba41ebc37eb4b852f3a28"
  integrity sha512-AXcZb6vzzrFAUE61HnN4mpLqd/cSIwNQjtNWR0euPm6y0iqx3G4gOXaIDdtdDwZmhwe82LA6+zinmW4UBWVePQ==

humanize-ms@^1.2.1:
  version "1.2.1"
  resolved "https://registry.yarnpkg.com/humanize-ms/-/humanize-ms-1.2.1.tgz#c46e3159a293f6b896da29316d8b6fe8bb79bbed"
  integrity sha512-Fl70vYtsAFb/C06PTS9dZBo7ihau+Tu/DNCk/OyHhea07S+aeMWpFFkUaXRa8fI+ScZbEI8dfSxwY7gxZ9SAVQ==
  dependencies:
    ms "^2.0.0"

inherits@~2.0.1:
  version "2.0.4"
  resolved "https://registry.yarnpkg.com/inherits/-/inherits-2.0.4.tgz#0fa2c64f932917c3433a0ded55363aae37416b7c"
  integrity sha512-k/vGaX4/Yla3WzyMCvTQOXYeIHvqOKtnqBduzTHpzpQZzAskKMhZ2K+EnBiSM9zGSoIFeMpXKxa4dYeZIQqewQ==

is-docker@^3.0.0:
  version "3.0.0"
  resolved "https://registry.yarnpkg.com/is-docker/-/is-docker-3.0.0.tgz#90093aa3106277d8a77a5910dbae71747e15a200"
  integrity sha512-eljcgEDlEns/7AXFosB5K/2nCM4P7FQPkGc/DWLy5rmFEWvZayGrik1d9/QIY5nJ4f9YsVvBkA6kJpHn9rISdQ==

is-inside-container@^1.0.0:
  version "1.0.0"
  resolved "https://registry.yarnpkg.com/is-inside-container/-/is-inside-container-1.0.0.tgz#e81fba699662eb31dbdaf26766a61d4814717ea4"
  integrity sha512-KIYLCCJghfHZxqjYBE7rEy0OBuTd5xCHS7tHVgvCLkx7StIoaxwNW3hCALgEUjFfeRk+MG/Qxmp/vtETEF3tRA==
  dependencies:
    is-docker "^3.0.0"

is-stream@^3.0.0:
  version "3.0.0"
  resolved "https://registry.yarnpkg.com/is-stream/-/is-stream-3.0.0.tgz#e6bfd7aa6bef69f4f472ce9bb681e3e57b4319ac"
  integrity sha512-LnQR4bZ9IADDRSkvpqMGvt/tEJWclzklNgSw48V5EAaAeDd6qGvN8ei6k5p0tvxSR171VmGyHuTiAOfxAbr8kA==

is-wsl@^3.1.0:
  version "3.1.0"
  resolved "https://registry.yarnpkg.com/is-wsl/-/is-wsl-3.1.0.tgz#e1c657e39c10090afcbedec61720f6b924c3cbd2"
  integrity sha512-UcVfVfaK4Sc4m7X3dUSoHoozQGBEFeDC+zVo06t98xe8CzHSZZBekNXH+tu0NalHolcJ/QAGqS46Hef7QXBIMw==
  dependencies:
    is-inside-container "^1.0.0"

is64bit@^2.0.0:
  version "2.0.0"
  resolved "https://registry.yarnpkg.com/is64bit/-/is64bit-2.0.0.tgz#198c627cbcb198bbec402251f88e5e1a51236c07"
  integrity sha512-jv+8jaWCl0g2lSBkNSVXdzfBA0npK1HGC2KtWM9FumFRoGS94g3NbCCLVnCYHLjp4GrW2KZeeSTMo5ddtznmGw==
  dependencies:
    system-architecture "^0.1.0"

isarray@0.0.1:
  version "0.0.1"
  resolved "https://registry.yarnpkg.com/isarray/-/isarray-0.0.1.tgz#8a18acfca9a8f4177e09abfc6038939b05d1eedf"
  integrity sha512-D2S+3GLxWH+uhrNEcoh/fnmYeP8E8/zHl644d/jdA0g2uyXvy3sb0qxotE+ne0LtccHknQzWwZEzhak7oJ0COQ==

isexe@^2.0.0:
  version "2.0.0"
  resolved "https://registry.yarnpkg.com/isexe/-/isexe-2.0.0.tgz#e8fbf374dc556ff8947a10dcb0572d633f2cfa10"
  integrity sha512-RHxMLp9lnKHGHRng9QFhRCMbYAcVpn69smSGcq3f36xjgVVWThj4qqLbTLlq7Ssj8B+fIQ1EuCEGI2lKsyQeIw==

js-tiktoken@^1.0.12:
  version "1.0.15"
  resolved "https://registry.yarnpkg.com/js-tiktoken/-/js-tiktoken-1.0.15.tgz#92a7d829f6950c2cfb35cc52555502e3d6e2ebac"
  integrity sha512-65ruOWWXDEZHHbAo7EjOcNxOGasQKbL4Fq3jEr2xsCqSsoOo6VVSqzWQb6PRIqypFSDcma4jO90YP0w5X8qVXQ==
  dependencies:
    base64-js "^1.5.1"

js-yaml@^4.1.0:
  version "4.1.0"
  resolved "https://registry.yarnpkg.com/js-yaml/-/js-yaml-4.1.0.tgz#c1fb65f8f5017901cdd2c951864ba18458a10602"
  integrity sha512-wpxZs9NoxZaJESJGIZTyDEaYpl0FKSA+FB9aJiyemKhMwkxQg63h4T1KJgUGHpTqPDNRcmmYLugrRjJlBtWvRA==
  dependencies:
    argparse "^2.0.1"

jsonpointer@^5.0.1:
  version "5.0.1"
  resolved "https://registry.yarnpkg.com/jsonpointer/-/jsonpointer-5.0.1.tgz#2110e0af0900fd37467b5907ecd13a7884a1b559"
  integrity sha512-p/nXbhSEcu3pZRdkW1OfJhpsVtW1gd4Wa1fnQc9YLiTfAjn0312eMKimbdIQzuZl9aa9xUGaRlP9T/CJE/ditQ==

"langchain@>=0.2.3 <0.3.0 || >=0.3.4 <0.4.0":
  version "0.3.6"
  resolved "https://registry.yarnpkg.com/langchain/-/langchain-0.3.6.tgz#f4313d202ce168d29bfcf81a551147cd4986779f"
  integrity sha512-erZOIKXzwCOrQHqY9AyjkQmaX62zUap1Sigw1KrwMUOnVoLKkVNRmAyxFlNZDZ9jLs/58MaQcaT9ReJtbj3x6w==
  dependencies:
    "@langchain/openai" ">=0.1.0 <0.4.0"
    "@langchain/textsplitters" ">=0.0.0 <0.2.0"
    js-tiktoken "^1.0.12"
    js-yaml "^4.1.0"
    jsonpointer "^5.0.1"
    langsmith "^0.2.0"
    openapi-types "^12.1.3"
    p-retry "4"
    uuid "^10.0.0"
    yaml "^2.2.1"
    zod "^3.22.4"
    zod-to-json-schema "^3.22.3"

langsmith@^0.2.0:
  version "0.2.7"
  resolved "https://registry.yarnpkg.com/langsmith/-/langsmith-0.2.7.tgz#db1f83f90c780049dcc55d076a5c161c4f14b8c4"
  integrity sha512-9LFOp30cQ9K/7rzMt4USBI0SEKKhsH4l42ZERBPXOmDXnR5gYpsGFw8SZR0A6YLnc6vvoEmtr/XKel0Odq2UWw==
  dependencies:
    "@types/uuid" "^10.0.0"
    commander "^10.0.1"
    p-queue "^6.6.2"
    p-retry "4"
    semver "^7.6.3"
    uuid "^10.0.0"

merge-stream@^2.0.0:
  version "2.0.0"
  resolved "https://registry.yarnpkg.com/merge-stream/-/merge-stream-2.0.0.tgz#52823629a14dd00c9770fb6ad47dc6310f2c1f60"
  integrity sha512-abv/qOcuPfk3URPfDzmZU1LKmuw8kT+0nIHvKrKgFrwifol/doWcdA4ZqsWQ8ENrFKkd67Mfpo/LovbIUsbt3w==

mime-db@1.52.0:
  version "1.52.0"
  resolved "https://registry.yarnpkg.com/mime-db/-/mime-db-1.52.0.tgz#bbabcdc02859f4987301c856e3387ce5ec43bf70"
  integrity sha512-sPU4uV7dYlvtWJxwwxHD0PuihVNiE7TyAbQ5SWxDCB9mUYvOgroQOwYQQOKPJ8CIbE+1ETVlOoK1UC2nU3gYvg==

mime-types@^2.1.12:
  version "2.1.35"
  resolved "https://registry.yarnpkg.com/mime-types/-/mime-types-2.1.35.tgz#381a871b62a734450660ae3deee44813f70d959a"
  integrity sha512-ZDY+bPm5zTTF+YpCrAU9nK0UgICYPT0QtT1NZWFv4s++TNkcgVaT0g6+4R2uI4MjQjzysHB1zxuWL50hzaeXiw==
  dependencies:
    mime-db "1.52.0"

mimic-fn@^4.0.0:
  version "4.0.0"
  resolved "https://registry.yarnpkg.com/mimic-fn/-/mimic-fn-4.0.0.tgz#60a90550d5cb0b239cca65d893b1a53b29871ecc"
  integrity sha512-vqiC06CuhBTUdZH+RYl8sFrL096vA45Ok5ISO6sE/Mr1jRbGH4Csnhi8f3wKVl7x8mO4Au7Ir9D3Oyv1VYMFJw==

mpg123-decoder@^1.0.0:
  version "1.0.0"
  resolved "https://registry.yarnpkg.com/mpg123-decoder/-/mpg123-decoder-1.0.0.tgz#c888c165c402bb75b1aed1b3dae04b9a995a9669"
  integrity sha512-WV+pyuMUhRqv7s8S6p/Ii4KQHdBD1pb3yaABxcKJRsNp+HQ/Y6z2iIBIaOZu0JMHPTOoICYt0REDZ7XfLu+n/g==
  dependencies:
    "@wasm-audio-decoders/common" "9.0.5"

ms@2.0.0:
  version "2.0.0"
  resolved "https://registry.yarnpkg.com/ms/-/ms-2.0.0.tgz#5608aeadfc00be6c2901df5f9861788de0d597c8"
  integrity sha512-Tpp60P6IUJDTuOq/5Z8cdskzJujfwqfOTkrwIwj7IRISpnkJnT6SyJ4PCPnGMoFjC9ddhal5KVIYtAt97ix05A==

ms@^2.0.0:
  version "2.1.3"
  resolved "https://registry.yarnpkg.com/ms/-/ms-2.1.3.tgz#574c8138ce1d2b5861f0b44579dbadd60c6615b2"
  integrity sha512-6FlzubTLZG3J2a/NVCAleEhjzq5oxgHyaCU9yYXvcLsvoVaHJq/s5xXI6/XXP6tz7R9xAOtHnSO/tXtF3WRTlA==

mustache@^4.2.0:
  version "4.2.0"
  resolved "https://registry.yarnpkg.com/mustache/-/mustache-4.2.0.tgz#e5892324d60a12ec9c2a73359edca52972bf6f64"
  integrity sha512-71ippSywq5Yb7/tVYyGbkBggbU8H3u5Rz56fH60jGFgr8uHwxs+aSKeqmluIVzM0m0kB7xQjKS6qPfd0b2ZoqQ==

node-domexception@1.0.0:
  version "1.0.0"
  resolved "https://registry.yarnpkg.com/node-domexception/-/node-domexception-1.0.0.tgz#6888db46a1f71c0b76b3f7555016b63fe64766e5"
  integrity sha512-/jKZoMpw0F8GRwl4/eLROPA3cfcXtLApP0QzLmUT/HuPCZWyB7IY9ZrMeKw2O/nFIqPQB3PVM9aYm0F312AXDQ==

node-fetch@^2.6.7:
  version "2.7.0"
  resolved "https://registry.yarnpkg.com/node-fetch/-/node-fetch-2.7.0.tgz#d0f0fa6e3e2dc1d27efcd8ad99d550bda94d187d"
  integrity sha512-c4FRfUm/dbcWZ7U+1Wq0AwCyFL+3nt2bEw05wfxSz+DWpWsitgmSgYmy2dQdWyKC1694ELPqMs/YzUSNozLt8A==
  dependencies:
    whatwg-url "^5.0.0"

node-wav@^0.0.2:
  version "0.0.2"
  resolved "https://registry.yarnpkg.com/node-wav/-/node-wav-0.0.2.tgz#89cb63cf8cd66ec8ab455f5ba4864e5fcb4605e8"
  integrity sha512-M6Rm/bbG6De/gKGxOpeOobx/dnGuP0dz40adqx38boqHhlWssBJZgLCPBNtb9NkrmnKYiV04xELq+R6PFOnoLA==

npm-run-path@^5.1.0:
  version "5.3.0"
  resolved "https://registry.yarnpkg.com/npm-run-path/-/npm-run-path-5.3.0.tgz#e23353d0ebb9317f174e93417e4a4d82d0249e9f"
  integrity sha512-ppwTtiJZq0O/ai0z7yfudtBpWIoxM8yE6nHi1X47eFR2EWORqfbu6CnPlNsjeN683eT0qG6H/Pyf9fCcvjnnnQ==
  dependencies:
    path-key "^4.0.0"

ogg-opus-decoder@^1.6.12:
  version "1.6.14"
  resolved "https://registry.yarnpkg.com/ogg-opus-decoder/-/ogg-opus-decoder-1.6.14.tgz#c455c10499b36c292e891752113b014f5371935a"
  integrity sha512-RQpk9yFl/mqXFwcgf1BrEYWL92HZk++aU1fOO8mPZ1+1DUYbJdpdUQEFfbPE1xcBkRGU3p75DjEO+EDMNeikFQ==
  dependencies:
    "@wasm-audio-decoders/common" "9.0.5"
    codec-parser "2.5.0"
    opus-decoder "0.7.7"

onetime@^6.0.0:
  version "6.0.0"
  resolved "https://registry.yarnpkg.com/onetime/-/onetime-6.0.0.tgz#7c24c18ed1fd2e9bca4bd26806a33613c77d34b4"
  integrity sha512-1FlR+gjXK7X+AsAHso35MnyN5KqGwJRi/31ft6x0M194ht7S+rWAvd7PHss9xSKMzE0asv1pyIHaJYq+BbacAQ==
  dependencies:
    mimic-fn "^4.0.0"

openai@^4.71.0:
  version "4.73.0"
  resolved "https://registry.yarnpkg.com/openai/-/openai-4.73.0.tgz#b8f8a4793d4db91e7eeab7235446d2cfe3aa0e9c"
  integrity sha512-NZstV77w3CEol9KQTRBRQ15+Sw6nxVTicAULSjYO4wn9E5gw72Mtp3fAVaBFXyyVPws4241YmFG6ya4L8v03tA==
  dependencies:
    "@types/node" "^18.11.18"
    "@types/node-fetch" "^2.6.4"
    abort-controller "^3.0.0"
    agentkeepalive "^4.2.1"
    form-data-encoder "1.7.2"
    formdata-node "^4.3.2"
    node-fetch "^2.6.7"

openapi-types@^12.1.3:
  version "12.1.3"
  resolved "https://registry.yarnpkg.com/openapi-types/-/openapi-types-12.1.3.tgz#471995eb26c4b97b7bd356aacf7b91b73e777dd3"
  integrity sha512-N4YtSYJqghVu4iek2ZUvcN/0aqH1kRDuNqzcycDxhOUpg7GdvLa2F3DgS6yBNhInhv2r/6I0Flkn7CqL8+nIcw==

opus-decoder@0.7.7:
  version "0.7.7"
  resolved "https://registry.yarnpkg.com/opus-decoder/-/opus-decoder-0.7.7.tgz#0ed68a4166aa7b56ccd9093d53a58ba88f4caa4c"
  integrity sha512-KWDyCi/9aXnNN+jrjs+aaVdwiwzDdac81S9ul0iv1CTs4+5K4VDZKuJjIImrYOBA2oSNHDjVq4xzn6BE+XbI1A==
  dependencies:
    "@wasm-audio-decoders/common" "9.0.5"

p-finally@^1.0.0:
  version "1.0.0"
  resolved "https://registry.yarnpkg.com/p-finally/-/p-finally-1.0.0.tgz#3fbcfb15b899a44123b34b6dcc18b724336a2cae"
  integrity sha512-LICb2p9CB7FS+0eR1oqWnHhp0FljGLZCWBE9aix0Uye9W8LTQPwMTYVGWQWIw9RdQiDg4+epXQODwIYJtSJaow==

p-queue@^6.6.2:
  version "6.6.2"
  resolved "https://registry.yarnpkg.com/p-queue/-/p-queue-6.6.2.tgz#2068a9dcf8e67dd0ec3e7a2bcb76810faa85e426"
  integrity sha512-RwFpb72c/BhQLEXIZ5K2e+AhgNVmIejGlTgiB9MzZ0e93GRvqZ7uSi0dvRF7/XIXDeNkra2fNHBxTyPDGySpjQ==
  dependencies:
    eventemitter3 "^4.0.4"
    p-timeout "^3.2.0"

p-retry@4:
  version "4.6.2"
  resolved "https://registry.yarnpkg.com/p-retry/-/p-retry-4.6.2.tgz#9baae7184057edd4e17231cee04264106e092a16"
  integrity sha512-312Id396EbJdvRONlngUx0NydfrIQ5lsYu0znKVUzVvArzEIt08V1qhtyESbGVd1FGX7UKtiFp5uwKZdM8wIuQ==
  dependencies:
    "@types/retry" "0.12.0"
    retry "^0.13.1"

p-timeout@^3.2.0:
  version "3.2.0"
  resolved "https://registry.yarnpkg.com/p-timeout/-/p-timeout-3.2.0.tgz#c7e17abc971d2a7962ef83626b35d635acf23dfe"
  integrity sha512-rhIwUycgwwKcP9yTOOFK/AKsAopjjCakVqLHePO3CC6Mir1Z99xT+R63jZxAT5lFZLa2inS5h+ZS2GvR99/FBg==
  dependencies:
    p-finally "^1.0.0"

path-key@^3.1.0:
  version "3.1.1"
  resolved "https://registry.yarnpkg.com/path-key/-/path-key-3.1.1.tgz#581f6ade658cbba65a0d3380de7753295054f375"
  integrity sha512-ojmeN0qd+y0jszEtoY48r0Peq5dwMEkIlCOu6Q5f41lfkswXuKtYrhgoTpLnyIcHm24Uhqx+5Tqm2InSwLhE6Q==

path-key@^4.0.0:
  version "4.0.0"
  resolved "https://registry.yarnpkg.com/path-key/-/path-key-4.0.0.tgz#295588dc3aee64154f877adb9d780b81c554bf18"
  integrity sha512-haREypq7xkM7ErfgIyA0z+Bj4AGKlMSdlQE2jvJo6huWD1EdkKYV+G/T4nq0YEF2vgTT8kqMFKo1uHn950r4SQ==

qoa-format@^1.0.1:
  version "1.0.1"
  resolved "https://registry.yarnpkg.com/qoa-format/-/qoa-format-1.0.1.tgz#fb438b4757173e68b6e6baab316835e134ce0bca"
  integrity sha512-dMB0Z6XQjdpz/Cw4Rf6RiBpQvUSPCfYlQMWvmuWlWkAT7nDQD29cVZ1SwDUB6DYJSitHENwbt90lqfI+7bvMcw==
  dependencies:
    "@thi.ng/bitstream" "^2.2.12"

ramda@^0.29.0:
  version "0.29.1"
  resolved "https://registry.yarnpkg.com/ramda/-/ramda-0.29.1.tgz#408a6165b9555b7ba2fc62555804b6c5a2eca196"
  integrity sha512-OfxIeWzd4xdUNxlWhgFazxsA/nl3mS4/jGZI5n00uWOoSSFRhC1b6gl6xvmzUamgmqELraWp0J/qqVlXYPDPyA==

readable-stream@^1.1.14:
  version "1.1.14"
  resolved "https://registry.yarnpkg.com/readable-stream/-/readable-stream-1.1.14.tgz#7cf4c54ef648e3813084c636dd2079e166c081d9"
  integrity sha512-+MeVjFf4L44XUkhM1eYbD8fyEsxcV81pqMSR5gblfcLCHfZvbrqy4/qYHE+/R5HoBUT11WV5O08Cr1n3YXkWVQ==
  dependencies:
    core-util-is "~1.0.0"
    inherits "~2.0.1"
    isarray "0.0.1"
    string_decoder "~0.10.x"

resolve-pkg-maps@^1.0.0:
  version "1.0.0"
  resolved "https://registry.yarnpkg.com/resolve-pkg-maps/-/resolve-pkg-maps-1.0.0.tgz#616b3dc2c57056b5588c31cdf4b3d64db133720f"
  integrity sha512-seS2Tj26TBVOC2NIc2rOe2y2ZO7efxITtLZcGSOnHHNOQ7CkiUBfw0Iw2ck6xkIhPwLhKNLS8BO+hEpngQlqzw==

retry@^0.13.1:
  version "0.13.1"
  resolved "https://registry.yarnpkg.com/retry/-/retry-0.13.1.tgz#185b1587acf67919d63b357349e03537b2484658"
  integrity sha512-XQBQ3I8W1Cge0Seh+6gjj03LbmRFWuoszgK9ooCpwYIrhhoO80pfq4cUkU5DkknwfOfFteRwlZ56PYOGYyFWdg==

semver@^7.6.3:
  version "7.6.3"
  resolved "https://registry.yarnpkg.com/semver/-/semver-7.6.3.tgz#980f7b5550bc175fb4dc09403085627f9eb33143"
  integrity sha512-oVekP1cKtI+CTDvHWYFUcMtsK/00wmAEfyqKfNdARm8u1wNVhSgaX7A8d4UuIlUI5e84iEwOhs7ZPYRmzU9U6A==

shebang-command@^2.0.0:
  version "2.0.0"
  resolved "https://registry.yarnpkg.com/shebang-command/-/shebang-command-2.0.0.tgz#ccd0af4f8835fbdc265b82461aaf0c36663f34ea"
  integrity sha512-kHxr2zZpYtdmrN1qDjrrX/Z1rR1kG8Dx+gkpK1G4eXmvXswmcE1hTWBWYUzlraYw1/yZp6YuDY77YtvbN0dmDA==
  dependencies:
    shebang-regex "^3.0.0"

shebang-regex@^3.0.0:
  version "3.0.0"
  resolved "https://registry.yarnpkg.com/shebang-regex/-/shebang-regex-3.0.0.tgz#ae16f1644d873ecad843b0307b143362d4c42172"
  integrity sha512-7++dFhtcx3353uBaq8DDR4NuxBetBzC7ZQOhmTQInHEd6bSrXdiEyzCvG07Z44UYdLShWUyXt5M/yhz8ekcb1A==

signal-exit@^4.1.0:
  version "4.1.0"
  resolved "https://registry.yarnpkg.com/signal-exit/-/signal-exit-4.1.0.tgz#952188c1cbd546070e2dd20d0f41c0ae0530cb04"
  integrity sha512-bzyZ1e88w9O1iNJbKnOlvYTrWPDl46O1bG0D3XInv+9tkPrxrN8jUUTiFlDkkmKWgn1M6CfIA13SuGqOa9Korw==

simple-yenc@^1.0.4:
  version "1.0.4"
  resolved "https://registry.yarnpkg.com/simple-yenc/-/simple-yenc-1.0.4.tgz#52805f504ec03c0aafe3766eee901e4e6f352ead"
  integrity sha512-5gvxpSd79e9a3V4QDYUqnqxeD4HGlhCakVpb6gMnDD7lexJggSBJRBO5h52y/iJrdXRilX9UCuDaIJhSWm5OWw==

stream-parser@^0.3.1:
  version "0.3.1"
  resolved "https://registry.yarnpkg.com/stream-parser/-/stream-parser-0.3.1.tgz#1618548694420021a1182ff0af1911c129761773"
  integrity sha512-bJ/HgKq41nlKvlhccD5kaCr/P+Hu0wPNKPJOH7en+YrJu/9EgqUF+88w5Jb6KNcjOFMhfX4B2asfeAtIGuHObQ==
  dependencies:
    debug "2"

string_decoder@~0.10.x:
  version "0.10.31"
  resolved "https://registry.yarnpkg.com/string_decoder/-/string_decoder-0.10.31.tgz#62e203bc41766c6c28c9fc84301dab1c5310fa94"
  integrity sha512-ev2QzSzWPYmy9GuqfIVildA4OdcGLeFZQrq5ys6RtiuF+RQQiZWr8TZNyAcuVXyQRYfEO+MsoB/1BuQVhOJuoQ==

strip-final-newline@^3.0.0:
  version "3.0.0"
  resolved "https://registry.yarnpkg.com/strip-final-newline/-/strip-final-newline-3.0.0.tgz#52894c313fbff318835280aed60ff71ebf12b8fd"
  integrity sha512-dOESqjYr96iWYylGObzd39EuNTa5VJxyvVAEm5Jnh7KGo75V43Hk1odPQkNDyXNmUR6k+gEiDVXnjB8HJ3crXw==

system-architecture@^0.1.0:
  version "0.1.0"
  resolved "https://registry.yarnpkg.com/system-architecture/-/system-architecture-0.1.0.tgz#71012b3ac141427d97c67c56bc7921af6bff122d"
  integrity sha512-ulAk51I9UVUyJgxlv9M6lFot2WP3e7t8Kz9+IS6D4rVba1tR9kON+Ey69f+1R4Q8cd45Lod6a4IcJIxnzGc/zA==

tr46@~0.0.3:
  version "0.0.3"
  resolved "https://registry.yarnpkg.com/tr46/-/tr46-0.0.3.tgz#8184fd347dac9cdc185992f3a6622e14b9d9ab6a"
  integrity sha512-N3WMsuqV66lT30CrXNbEjx4GEwlow3v6rr4mCcv6prnfwhS01rkgyFdjPNBYd9br7LpXV1+Emh01fHnq2Gdgrw==

tsx@^4.7.1:
  version "4.19.2"
  resolved "https://registry.yarnpkg.com/tsx/-/tsx-4.19.2.tgz#2d7814783440e0ae42354d0417d9c2989a2ae92c"
  integrity sha512-pOUl6Vo2LUq/bSa8S5q7b91cgNSjctn9ugq/+Mvow99qW6x/UZYwzxy/3NmqoT66eHYfCVvFvACC58UBPFf28g==
  dependencies:
    esbuild "~0.23.0"
    get-tsconfig "^4.7.5"
  optionalDependencies:
    fsevents "~2.3.3"

undici-types@~5.26.4:
  version "5.26.5"
  resolved "https://registry.yarnpkg.com/undici-types/-/undici-types-5.26.5.tgz#bcd539893d00b56e964fd2657a4866b221a65617"
  integrity sha512-JlCMO+ehdEIKqlFxk6IfVoAUVmgz7cU7zD/h9XZ0qzeosSHmUJVOzSQvvYSYWXkFXC+IfLKSIffhv0sVZup6pA==

undici-types@~6.19.2, undici-types@~6.19.8:
  version "6.19.8"
  resolved "https://registry.yarnpkg.com/undici-types/-/undici-types-6.19.8.tgz#35111c9d1437ab83a7cdc0abae2f26d88eda0a02"
  integrity sha512-ve2KP6f/JnbPBFyobGHuerC9g1FYGn/F8n1LWTwNxCEzd6IfqTwUQcNXgEtmmQ6DlRrC1hrSrBnCZPokRrDHjw==

uuid@^10.0.0:
  version "10.0.0"
  resolved "https://registry.yarnpkg.com/uuid/-/uuid-10.0.0.tgz#5a95aa454e6e002725c79055fd42aaba30ca6294"
  integrity sha512-8XkAphELsDnEGrDxUOHB3RGvXz6TeuYSGEZBOjtTtPm2lwhGBjLgOzLHB63IUWfBpNucQjND6d3AOudO+H3RWQ==

wav@^1.0.2:
  version "1.0.2"
  resolved "https://registry.yarnpkg.com/wav/-/wav-1.0.2.tgz#bdbf3fa0d9b4519e9dfd2f603299ead0a2f22060"
  integrity sha512-viHtz3cDd/Tcr/HbNqzQCofKdF6kWUymH9LGDdskfWFoIy/HJ+RTihgjEcHfnsy1PO4e9B+y4HwgTwMrByquhg==
  dependencies:
    buffer-alloc "^1.1.0"
    buffer-from "^1.0.0"
    debug "^2.2.0"
    readable-stream "^1.1.14"
    stream-parser "^0.3.1"

web-streams-polyfill@4.0.0-beta.3:
  version "4.0.0-beta.3"
  resolved "https://registry.yarnpkg.com/web-streams-polyfill/-/web-streams-polyfill-4.0.0-beta.3.tgz#2898486b74f5156095e473efe989dcf185047a38"
  integrity sha512-QW95TCTaHmsYfHDybGMwO5IJIM93I/6vTRk+daHTWFPhwh+C8Cg7j7XyKrwrj8Ib6vYXe0ocYNrmzY4xAAN6ug==

webidl-conversions@^3.0.0:
  version "3.0.1"
  resolved "https://registry.yarnpkg.com/webidl-conversions/-/webidl-conversions-3.0.1.tgz#24534275e2a7bc6be7bc86611cc16ae0a5654871"
  integrity sha512-2JAn3z8AR6rjK8Sm8orRC0h/bcl/DqL7tRPdGZ4I1CjdF+EaMLmYxBHyXuKL849eucPFhvBoxMsflfOb8kxaeQ==

whatwg-url@^5.0.0:
  version "5.0.0"
  resolved "https://registry.yarnpkg.com/whatwg-url/-/whatwg-url-5.0.0.tgz#966454e8765462e37644d3626f6742ce8b70965d"
  integrity sha512-saE57nupxk6v3HY35+jzBwYa0rKSy0XR8JSxZPwgLr7ys0IBzhGviA1/TUGJLmSVqs8pb9AnvICXEuOHLprYTw==
  dependencies:
    tr46 "~0.0.3"
    webidl-conversions "^3.0.0"

which@^2.0.1:
  version "2.0.2"
  resolved "https://registry.yarnpkg.com/which/-/which-2.0.2.tgz#7c6a8dd0a636a0327e10b59c9286eee93f3f51b1"
  integrity sha512-BLI3Tl1TW3Pvl70l3yq3Y64i+awpwXqsGBYWkkqMtnbXgrMD+yj7rhW0kuEDxzJaYXGjEW5ogapKNMEKNMjibA==
  dependencies:
    isexe "^2.0.0"

ws@^8.14.2, ws@^8.17.0, ws@^8.18.0:
  version "8.18.0"
  resolved "https://registry.yarnpkg.com/ws/-/ws-8.18.0.tgz#0d7505a6eafe2b0e712d232b42279f53bc289bbc"
  integrity sha512-8VbfWfHLbbwu3+N6OKsOMpBdT4kXPDDB9cJk2bJ6mh9ucxdlnNvH1e+roYkKmN9Nxw2yjz7VzeO9oOz2zJ04Pw==

yaml@^2.2.1:
  version "2.6.1"
  resolved "https://registry.yarnpkg.com/yaml/-/yaml-2.6.1.tgz#42f2b1ba89203f374609572d5349fb8686500773"
  integrity sha512-7r0XPzioN/Q9kXBro/XPnA6kznR73DHq+GXh5ON7ZozRO6aMjbmiBuKste2wslTFkC5d1dw0GooOCepZXJ2SAg==

zod-to-json-schema@^3.22.3, zod-to-json-schema@^3.22.5, zod-to-json-schema@^3.23.3:
  version "3.23.5"
  resolved "https://registry.yarnpkg.com/zod-to-json-schema/-/zod-to-json-schema-3.23.5.tgz#ec23def47dcafe3a4d640eba6a346b34f9a693a5"
  integrity sha512-5wlSS0bXfF/BrL4jPAbz9da5hDlDptdEppYfe+x4eIJ7jioqKG9uUxOwPzqof09u/XeVdrgFu29lZi+8XNDJtA==

zod@^3.22.3, zod@^3.22.4, zod@^3.23.8:
  version "3.23.8"
  resolved "https://registry.yarnpkg.com/zod/-/zod-3.23.8.tgz#e37b957b5d52079769fb8097099b592f0ef4067d"
  integrity sha512-XBx9AXhXktjUqnepgTiE5flcKIYWi/rme0Eaj+5Y0lftuGBq+jyRu/md4WnuxqgP1ubdpNCsYEYPxrzVHD8d6g==
